
Microsoft Visual Studio Solution File, Format Version 12.00
# Visual Studio Version 17
VisualStudioVersion = 17.7.34024.191
MinimumVisualStudioVersion = 10.0.40219.1
Project("{FAE04EC0-301F-11D3-BF4B-00C04F79EFBC}") = "qti v2 Big Tree", "qti v2 Big Tree\qti v2 Big Tree.csproj", "{2487F5E3-88E0-468B-8F87-AA92CD38F406}"
EndProject
Global
	GlobalSection(SolutionConfigurationPlatforms) = preSolution
		Debug|ARM64 = Debug|ARM64
		Debug|x64 = Debug|x64
		Debug|x86 = Debug|x86
		Release|ARM64 = Release|ARM64
		Release|x64 = Release|x64
		Release|x86 = Release|x86
	EndGlobalSection
	GlobalSection(ProjectConfigurationPlatforms) = postSolution
		{2487F5E3-88E0-468B-8F87-AA92CD38F406}.Debug|ARM64.ActiveCfg = Debug|ARM64
		{2487F5E3-88E0-468B-8F87-AA92CD38F406}.Debug|ARM64.Build.0 = Debug|ARM64
		{2487F5E3-88E0-468B-8F87-AA92CD38F406}.Debug|ARM64.Deploy.0 = Debug|ARM64
		{2487F5E3-88E0-468B-8F87-AA92CD38F406}.Debug|x64.ActiveCfg = Debug|x64
		{2487F5E3-88E0-468B-8F87-AA92CD38F406}.Debug|x64.Build.0 = Debug|x64
		{2487F5E3-88E0-468B-8F87-AA92CD38F406}.Debug|x64.Deploy.0 = Debug|x64
		{2487F5E3-88E0-468B-8F87-AA92CD38F406}.Debug|x86.ActiveCfg = Debug|x86
		{2487F5E3-88E0-468B-8F87-AA92CD38F406}.Debug|x86.Build.0 = Debug|x86
		{2487F5E3-88E0-468B-8F87-AA92CD38F406}.Debug|x86.Deploy.0 = Debug|x86
		{2487F5E3-88E0-468B-8F87-AA92CD38F406}.Release|ARM64.ActiveCfg = Release|ARM64
		{2487F5E3-88E0-468B-8F87-AA92CD38F406}.Release|ARM64.Build.0 = Release|ARM64
		{2487F5E3-88E0-468B-8F87-AA92CD38F406}.Release|ARM64.Deploy.0 = Release|ARM64
		{2487F5E3-88E0-468B-8F87-AA92CD38F406}.Release|x64.ActiveCfg = Release|x64
		{2487F5E3-88E0-468B-8F87-AA92CD38F406}.Release|x64.Build.0 = Release|x64
		{2487F5E3-88E0-468B-8F87-AA92CD38F406}.Release|x64.Deploy.0 = Release|x64
		{2487F5E3-88E0-468B-8F87-AA92CD38F406}.Release|x86.ActiveCfg = Release|x86
		{2487F5E3-88E0-468B-8F87-AA92CD38F406}.Release|x86.Build.0 = Release|x86
		{2487F5E3-88E0-468B-8F87-AA92CD38F406}.Release|x86.Deploy.0 = Release|x86
	EndGlobalSection
	GlobalSection(SolutionProperties) = preSolution
		HideSolutionNode = FALSE
	EndGlobalSection
	GlobalSection(ExtensibilityGlobals) = postSolution
		SolutionGuid = {821B97DA-1957-4630-9B3A-F6D788A4792C}
	EndGlobalSection
EndGlobal
